// !$*UTF8*$!
{
	archiveVersion = 1;
	classes = {
	};
	objectVersion = 56;
	objects = {

/* Begin PBXBuildFile section */
		391E13292AD2D3DD0045826B /* FeatureCard.swift in Sources */ = {isa = PBXBuildFile; fileRef = 391E13282AD2D3DD0045826B /* FeatureCard.swift */; };
		391E132B2AD2F1490045826B /* PageView.swift in Sources */ = {isa = PBXBuildFile; fileRef = 391E132A2AD2F1490045826B /* PageView.swift */; };
		391E132D2AD2F3430045826B /* PageControl.swift in Sources */ = {isa = PBXBuildFile; fileRef = 391E132C2AD2F3430045826B /* PageControl.swift */; };
		391E132F2AD2F5220045826B /* TabView.swift in Sources */ = {isa = PBXBuildFile; fileRef = 391E132E2AD2F5220045826B /* TabView.swift */; };
		391E133B2AD2FAC00045826B /* Assets.xcassets in Resources */ = {isa = PBXBuildFile; fileRef = 391E133A2AD2FAC00045826B /* Assets.xcassets */; };
		391E133E2AD2FAC00045826B /* Preview Assets.xcassets in Resources */ = {isa = PBXBuildFile; fileRef = 391E133D2AD2FAC00045826B /* Preview Assets.xcassets */; };
		391E13512AD2FCE30045826B /* LandmarkDetail.swift in Sources */ = {isa = PBXBuildFile; fileRef = 391E13502AD2FCE30045826B /* LandmarkDetail.swift */; };
		391E13692AD2FDA00045826B /* ContentView.swift in Sources */ = {isa = PBXBuildFile; fileRef = 391E13382AD2FABE0045826B /* ContentView.swift */; };
		391E136A2AD2FDEE0045826B /* landmarkData.json in Resources */ = {isa = PBXBuildFile; fileRef = 39ACBC822ACE7ED70071A9B0 /* landmarkData.json */; };
		391E136B2AD2FDEE0045826B /* LandmarksApp.swift in Sources */ = {isa = PBXBuildFile; fileRef = 39E87F352ACDB7DB00E2A648 /* LandmarksApp.swift */; };
		391E136C2AD2FDEE0045826B /* Assets.xcassets in Resources */ = {isa = PBXBuildFile; fileRef = 39E87F392ACDB7DC00E2A648 /* Assets.xcassets */; };
		391E136D2AD2FDEE0045826B /* FavoriteButton.swift in Sources */ = {isa = PBXBuildFile; fileRef = 39ACBC8F2ACE9C8E0071A9B0 /* FavoriteButton.swift */; };
		391E136E2AD2FDEE0045826B /* Hike.swift in Sources */ = {isa = PBXBuildFile; fileRef = 39ACBCA22ACEBFF50071A9B0 /* Hike.swift */; };
		391E136F2AD2FDEE0045826B /* LandmarkRow.swift in Sources */ = {isa = PBXBuildFile; fileRef = 39ACBC892ACE8A2D0071A9B0 /* LandmarkRow.swift */; };
		391E13702AD2FDEE0045826B /* Landmark.swift in Sources */ = {isa = PBXBuildFile; fileRef = 39ACBC802ACE7E660071A9B0 /* Landmark.swift */; };
		391E13712AD2FDEE0045826B /* hikeData.json in Resources */ = {isa = PBXBuildFile; fileRef = 39ACBCA02ACEBFCC0071A9B0 /* hikeData.json */; };
		391E13722AD2FDEE0045826B /* LandmarkList.swift in Sources */ = {isa = PBXBuildFile; fileRef = 39ACBC8B2ACE8C520071A9B0 /* LandmarkList.swift */; };
		391E13732AD2FDEE0045826B /* MapView.swift in Sources */ = {isa = PBXBuildFile; fileRef = 39E2B4852ACE7506006F6D16 /* MapView.swift */; };
		391E13742AD2FDEE0045826B /* CircleImage.swift in Sources */ = {isa = PBXBuildFile; fileRef = 39E2B4832ACE67F1006F6D16 /* CircleImage.swift */; };
		391E13752AD2FDEE0045826B /* ModelData.swift in Sources */ = {isa = PBXBuildFile; fileRef = 39ACBC842ACE80400071A9B0 /* ModelData.swift */; };
		391E13762AD2FDEE0045826B /* Profile.swift in Sources */ = {isa = PBXBuildFile; fileRef = 3985AB7D2ACF4BEF00F7BA60 /* Profile.swift */; };
		391E13B72AD3130C0045826B /* LandmarkCommands.swift in Sources */ = {isa = PBXBuildFile; fileRef = 391E13B62AD3130C0045826B /* LandmarkCommands.swift */; };
		391E13B82AD3130C0045826B /* LandmarkCommands.swift in Sources */ = {isa = PBXBuildFile; fileRef = 391E13B62AD3130C0045826B /* LandmarkCommands.swift */; };
		3985AB772ACF46AF00F7BA60 /* CategoryHome.swift in Sources */ = {isa = PBXBuildFile; fileRef = 3985AB762ACF46AF00F7BA60 /* CategoryHome.swift */; };
		3985AB7A2ACF48AC00F7BA60 /* CategoryRow.swift in Sources */ = {isa = PBXBuildFile; fileRef = 3985AB792ACF48AC00F7BA60 /* CategoryRow.swift */; };
		3985AB7C2ACF492100F7BA60 /* CategoryItem.swift in Sources */ = {isa = PBXBuildFile; fileRef = 3985AB7B2ACF492100F7BA60 /* CategoryItem.swift */; };
		3985AB7E2ACF4BEF00F7BA60 /* Profile.swift in Sources */ = {isa = PBXBuildFile; fileRef = 3985AB7D2ACF4BEF00F7BA60 /* Profile.swift */; };
		3985AB812ACF4C2A00F7BA60 /* ProfileHost.swift in Sources */ = {isa = PBXBuildFile; fileRef = 3985AB802ACF4C2A00F7BA60 /* ProfileHost.swift */; };
		3985AB832ACF4C5A00F7BA60 /* ProfileSummary.swift in Sources */ = {isa = PBXBuildFile; fileRef = 3985AB822ACF4C5A00F7BA60 /* ProfileSummary.swift */; };
		3985AB852ACF4CF200F7BA60 /* HikeBadge.swift in Sources */ = {isa = PBXBuildFile; fileRef = 3985AB842ACF4CF200F7BA60 /* HikeBadge.swift */; };
		3985AB872ACF4F1E00F7BA60 /* ProfileEditor.swift in Sources */ = {isa = PBXBuildFile; fileRef = 3985AB862ACF4F1E00F7BA60 /* ProfileEditor.swift */; };
		39ACBC812ACE7E660071A9B0 /* Landmark.swift in Sources */ = {isa = PBXBuildFile; fileRef = 39ACBC802ACE7E660071A9B0 /* Landmark.swift */; };
		39ACBC832ACE7ED70071A9B0 /* landmarkData.json in Resources */ = {isa = PBXBuildFile; fileRef = 39ACBC822ACE7ED70071A9B0 /* landmarkData.json */; };
		39ACBC852ACE80400071A9B0 /* ModelData.swift in Sources */ = {isa = PBXBuildFile; fileRef = 39ACBC842ACE80400071A9B0 /* ModelData.swift */; };
		39ACBC8A2ACE8A2D0071A9B0 /* LandmarkRow.swift in Sources */ = {isa = PBXBuildFile; fileRef = 39ACBC892ACE8A2D0071A9B0 /* LandmarkRow.swift */; };
		39ACBC8C2ACE8C520071A9B0 /* LandmarkList.swift in Sources */ = {isa = PBXBuildFile; fileRef = 39ACBC8B2ACE8C520071A9B0 /* LandmarkList.swift */; };
		39ACBC8E2ACE8D340071A9B0 /* LandmarkDetail.swift in Sources */ = {isa = PBXBuildFile; fileRef = 39ACBC8D2ACE8D340071A9B0 /* LandmarkDetail.swift */; };
		39ACBC902ACE9C8E0071A9B0 /* FavoriteButton.swift in Sources */ = {isa = PBXBuildFile; fileRef = 39ACBC8F2ACE9C8E0071A9B0 /* FavoriteButton.swift */; };
		39ACBC942ACEABDD0071A9B0 /* HexagonParameters.swift in Sources */ = {isa = PBXBuildFile; fileRef = 39ACBC932ACEABDD0071A9B0 /* HexagonParameters.swift */; };
		39ACBC962ACEAD500071A9B0 /* BadgeBackground.swift in Sources */ = {isa = PBXBuildFile; fileRef = 39ACBC952ACEAD500071A9B0 /* BadgeBackground.swift */; };
		39ACBC982ACEB1C30071A9B0 /* BadgeSymbol.swift in Sources */ = {isa = PBXBuildFile; fileRef = 39ACBC972ACEB1C30071A9B0 /* BadgeSymbol.swift */; };
		39ACBC9A2ACEB2390071A9B0 /* RotatedBadgeSymbol.swift in Sources */ = {isa = PBXBuildFile; fileRef = 39ACBC992ACEB2390071A9B0 /* RotatedBadgeSymbol.swift */; };
		39ACBC9E2ACEB3A10071A9B0 /* Badge.swift in Sources */ = {isa = PBXBuildFile; fileRef = 39ACBC9D2ACEB3A10071A9B0 /* Badge.swift */; };
		39ACBCA12ACEBFCC0071A9B0 /* hikeData.json in Resources */ = {isa = PBXBuildFile; fileRef = 39ACBCA02ACEBFCC0071A9B0 /* hikeData.json */; };
		39ACBCA32ACEBFF50071A9B0 /* Hike.swift in Sources */ = {isa = PBXBuildFile; fileRef = 39ACBCA22ACEBFF50071A9B0 /* Hike.swift */; };
		39ACBCAB2ACEC0AB0071A9B0 /* GraphCapsule.swift in Sources */ = {isa = PBXBuildFile; fileRef = 39ACBCA72ACEC0AB0071A9B0 /* GraphCapsule.swift */; };
		39ACBCAC2ACEC0AB0071A9B0 /* HikeGraph.swift in Sources */ = {isa = PBXBuildFile; fileRef = 39ACBCA82ACEC0AB0071A9B0 /* HikeGraph.swift */; };
		39ACBCAD2ACEC0AB0071A9B0 /* HikeDetail.swift in Sources */ = {isa = PBXBuildFile; fileRef = 39ACBCA92ACEC0AB0071A9B0 /* HikeDetail.swift */; };
		39ACBCAE2ACEC0AB0071A9B0 /* HikeView.swift in Sources */ = {isa = PBXBuildFile; fileRef = 39ACBCAA2ACEC0AB0071A9B0 /* HikeView.swift */; };
		39D8DA9F2AD019D900E9BD56 /* PageViewController.swift in Sources */ = {isa = PBXBuildFile; fileRef = 39D8DA9E2AD019D900E9BD56 /* PageViewController.swift */; };
		39E2B4842ACE67F1006F6D16 /* CircleImage.swift in Sources */ = {isa = PBXBuildFile; fileRef = 39E2B4832ACE67F1006F6D16 /* CircleImage.swift */; };
		39E2B4862ACE7506006F6D16 /* MapView.swift in Sources */ = {isa = PBXBuildFile; fileRef = 39E2B4852ACE7506006F6D16 /* MapView.swift */; };
		39E87F362ACDB7DB00E2A648 /* LandmarksApp.swift in Sources */ = {isa = PBXBuildFile; fileRef = 39E87F352ACDB7DB00E2A648 /* LandmarksApp.swift */; };
		39E87F382ACDB7DB00E2A648 /* ContentView.swift in Sources */ = {isa = PBXBuildFile; fileRef = 39E87F372ACDB7DB00E2A648 /* ContentView.swift */; };
		39E87F3A2ACDB7DC00E2A648 /* Assets.xcassets in Resources */ = {isa = PBXBuildFile; fileRef = 39E87F392ACDB7DC00E2A648 /* Assets.xcassets */; };
		39E87F3D2ACDB7DC00E2A648 /* Preview Assets.xcassets in Resources */ = {isa = PBXBuildFile; fileRef = 39E87F3C2ACDB7DC00E2A648 /* Preview Assets.xcassets */; };
		39E87F472ACDB7DD00E2A648 /* LandmarksTests.swift in Sources */ = {isa = PBXBuildFile; fileRef = 39E87F462ACDB7DD00E2A648 /* LandmarksTests.swift */; };
		39E87F512ACDB7DD00E2A648 /* LandmarksUITests.swift in Sources */ = {isa = PBXBuildFile; fileRef = 39E87F502ACDB7DD00E2A648 /* LandmarksUITests.swift */; };
		39E87F532ACDB7DD00E2A648 /* LandmarksUITestsLaunchTests.swift in Sources */ = {isa = PBXBuildFile; fileRef = 39E87F522ACDB7DD00E2A648 /* LandmarksUITestsLaunchTests.swift */; };
/* End PBXBuildFile section */

/* Begin PBXContainerItemProxy section */
		39E87F432ACDB7DD00E2A648 /* PBXContainerItemProxy */ = {
			isa = PBXContainerItemProxy;
			containerPortal = 39E87F2A2ACDB7DB00E2A648 /* Project object */;
			proxyType = 1;
			remoteGlobalIDString = 39E87F312ACDB7DB00E2A648;
			remoteInfo = Landmarks;
		};
		39E87F4D2ACDB7DD00E2A648 /* PBXContainerItemProxy */ = {
			isa = PBXContainerItemProxy;
			containerPortal = 39E87F2A2ACDB7DB00E2A648 /* Project object */;
			proxyType = 1;
			remoteGlobalIDString = 39E87F312ACDB7DB00E2A648;
			remoteInfo = Landmarks;
		};
/* End PBXContainerItemProxy section */

/* Begin PBXCopyFilesBuildPhase section */
		391E138C2AD3070E0045826B /* Embed Watch Content */ = {
			isa = PBXCopyFilesBuildPhase;
			buildActionMask = 2147483647;
			dstPath = "$(CONTENTS_FOLDER_PATH)/Watch";
			dstSubfolderSpec = 16;
			files = (
			);
			name = "Embed Watch Content";
			runOnlyForDeploymentPostprocessing = 0;
		};
/* End PBXCopyFilesBuildPhase section */

/* Begin PBXFileReference section */
		391E13282AD2D3DD0045826B /* FeatureCard.swift */ = {isa = PBXFileReference; lastKnownFileType = sourcecode.swift; path = FeatureCard.swift; sourceTree = "<group>"; };
		391E132A2AD2F1490045826B /* PageView.swift */ = {isa = PBXFileReference; lastKnownFileType = sourcecode.swift; path = PageView.swift; sourceTree = "<group>"; };
		391E132C2AD2F3430045826B /* PageControl.swift */ = {isa = PBXFileReference; lastKnownFileType = sourcecode.swift; path = PageControl.swift; sourceTree = "<group>"; };
		391E132E2AD2F5220045826B /* TabView.swift */ = {isa = PBXFileReference; lastKnownFileType = sourcecode.swift; path = TabView.swift; sourceTree = "<group>"; };
		391E13342AD2FABE0045826B /* MacLandmarks.app */ = {isa = PBXFileReference; explicitFileType = wrapper.application; includeInIndex = 0; path = MacLandmarks.app; sourceTree = BUILT_PRODUCTS_DIR; };
		391E13382AD2FABE0045826B /* ContentView.swift */ = {isa = PBXFileReference; lastKnownFileType = sourcecode.swift; path = ContentView.swift; sourceTree = "<group>"; };
		391E133A2AD2FAC00045826B /* Assets.xcassets */ = {isa = PBXFileReference; lastKnownFileType = folder.assetcatalog; path = Assets.xcassets; sourceTree = "<group>"; };
		391E133D2AD2FAC00045826B /* Preview Assets.xcassets */ = {isa = PBXFileReference; lastKnownFileType = folder.assetcatalog; path = "Preview Assets.xcassets"; sourceTree = "<group>"; };
		391E133F2AD2FAC00045826B /* MacLandmarks.entitlements */ = {isa = PBXFileReference; lastKnownFileType = text.plist.entitlements; path = MacLandmarks.entitlements; sourceTree = "<group>"; };
		391E13502AD2FCE30045826B /* LandmarkDetail.swift */ = {isa = PBXFileReference; lastKnownFileType = sourcecode.swift; path = LandmarkDetail.swift; sourceTree = "<group>"; };
		391E13B62AD3130C0045826B /* LandmarkCommands.swift */ = {isa = PBXFileReference; lastKnownFileType = sourcecode.swift; path = LandmarkCommands.swift; sourceTree = "<group>"; };
		3985AB762ACF46AF00F7BA60 /* CategoryHome.swift */ = {isa = PBXFileReference; lastKnownFileType = sourcecode.swift; path = CategoryHome.swift; sourceTree = "<group>"; };
		3985AB792ACF48AC00F7BA60 /* CategoryRow.swift */ = {isa = PBXFileReference; lastKnownFileType = sourcecode.swift; path = CategoryRow.swift; sourceTree = "<group>"; };
		3985AB7B2ACF492100F7BA60 /* CategoryItem.swift */ = {isa = PBXFileReference; lastKnownFileType = sourcecode.swift; path = CategoryItem.swift; sourceTree = "<group>"; };
		3985AB7D2ACF4BEF00F7BA60 /* Profile.swift */ = {isa = PBXFileReference; lastKnownFileType = sourcecode.swift; path = Profile.swift; sourceTree = "<group>"; };
		3985AB802ACF4C2A00F7BA60 /* ProfileHost.swift */ = {isa = PBXFileReference; lastKnownFileType = sourcecode.swift; path = ProfileHost.swift; sourceTree = "<group>"; };
		3985AB822ACF4C5A00F7BA60 /* ProfileSummary.swift */ = {isa = PBXFileReference; lastKnownFileType = sourcecode.swift; path = ProfileSummary.swift; sourceTree = "<group>"; };
		3985AB842ACF4CF200F7BA60 /* HikeBadge.swift */ = {isa = PBXFileReference; lastKnownFileType = sourcecode.swift; path = HikeBadge.swift; sourceTree = "<group>"; };
		3985AB862ACF4F1E00F7BA60 /* ProfileEditor.swift */ = {isa = PBXFileReference; lastKnownFileType = sourcecode.swift; path = ProfileEditor.swift; sourceTree = "<group>"; };
		39ACBC802ACE7E660071A9B0 /* Landmark.swift */ = {isa = PBXFileReference; lastKnownFileType = sourcecode.swift; path = Landmark.swift; sourceTree = "<group>"; };
		39ACBC822ACE7ED70071A9B0 /* landmarkData.json */ = {isa = PBXFileReference; fileEncoding = 4; lastKnownFileType = text.json; path = landmarkData.json; sourceTree = "<group>"; };
		39ACBC842ACE80400071A9B0 /* ModelData.swift */ = {isa = PBXFileReference; lastKnownFileType = sourcecode.swift; path = ModelData.swift; sourceTree = "<group>"; };
		39ACBC892ACE8A2D0071A9B0 /* LandmarkRow.swift */ = {isa = PBXFileReference; lastKnownFileType = sourcecode.swift; path = LandmarkRow.swift; sourceTree = "<group>"; };
		39ACBC8B2ACE8C520071A9B0 /* LandmarkList.swift */ = {isa = PBXFileReference; lastKnownFileType = sourcecode.swift; path = LandmarkList.swift; sourceTree = "<group>"; };
		39ACBC8D2ACE8D340071A9B0 /* LandmarkDetail.swift */ = {isa = PBXFileReference; lastKnownFileType = sourcecode.swift; path = LandmarkDetail.swift; sourceTree = "<group>"; };
		39ACBC8F2ACE9C8E0071A9B0 /* FavoriteButton.swift */ = {isa = PBXFileReference; lastKnownFileType = sourcecode.swift; path = FavoriteButton.swift; sourceTree = "<group>"; };
		39ACBC932ACEABDD0071A9B0 /* HexagonParameters.swift */ = {isa = PBXFileReference; lastKnownFileType = sourcecode.swift; path = HexagonParameters.swift; sourceTree = "<group>"; };
		39ACBC952ACEAD500071A9B0 /* BadgeBackground.swift */ = {isa = PBXFileReference; lastKnownFileType = sourcecode.swift; path = BadgeBackground.swift; sourceTree = "<group>"; };
		39ACBC972ACEB1C30071A9B0 /* BadgeSymbol.swift */ = {isa = PBXFileReference; lastKnownFileType = sourcecode.swift; path = BadgeSymbol.swift; sourceTree = "<group>"; };
		39ACBC992ACEB2390071A9B0 /* RotatedBadgeSymbol.swift */ = {isa = PBXFileReference; lastKnownFileType = sourcecode.swift; path = RotatedBadgeSymbol.swift; sourceTree = "<group>"; };
		39ACBC9D2ACEB3A10071A9B0 /* Badge.swift */ = {isa = PBXFileReference; lastKnownFileType = sourcecode.swift; path = Badge.swift; sourceTree = "<group>"; };
		39ACBCA02ACEBFCC0071A9B0 /* hikeData.json */ = {isa = PBXFileReference; fileEncoding = 4; lastKnownFileType = text.json; path = hikeData.json; sourceTree = "<group>"; };
		39ACBCA22ACEBFF50071A9B0 /* Hike.swift */ = {isa = PBXFileReference; lastKnownFileType = sourcecode.swift; path = Hike.swift; sourceTree = "<group>"; };
		39ACBCA72ACEC0AB0071A9B0 /* GraphCapsule.swift */ = {isa = PBXFileReference; fileEncoding = 4; lastKnownFileType = sourcecode.swift; path = GraphCapsule.swift; sourceTree = "<group>"; };
		39ACBCA82ACEC0AB0071A9B0 /* HikeGraph.swift */ = {isa = PBXFileReference; fileEncoding = 4; lastKnownFileType = sourcecode.swift; path = HikeGraph.swift; sourceTree = "<group>"; };
		39ACBCA92ACEC0AB0071A9B0 /* HikeDetail.swift */ = {isa = PBXFileReference; fileEncoding = 4; lastKnownFileType = sourcecode.swift; path = HikeDetail.swift; sourceTree = "<group>"; };
		39ACBCAA2ACEC0AB0071A9B0 /* HikeView.swift */ = {isa = PBXFileReference; fileEncoding = 4; lastKnownFileType = sourcecode.swift; path = HikeView.swift; sourceTree = "<group>"; };
		39D8DA9E2AD019D900E9BD56 /* PageViewController.swift */ = {isa = PBXFileReference; lastKnownFileType = sourcecode.swift; path = PageViewController.swift; sourceTree = "<group>"; };
		39E2B4832ACE67F1006F6D16 /* CircleImage.swift */ = {isa = PBXFileReference; lastKnownFileType = sourcecode.swift; path = CircleImage.swift; sourceTree = "<group>"; };
		39E2B4852ACE7506006F6D16 /* MapView.swift */ = {isa = PBXFileReference; lastKnownFileType = sourcecode.swift; path = MapView.swift; sourceTree = "<group>"; };
		39E2B4882ACE7B5E006F6D16 /* README.md */ = {isa = PBXFileReference; lastKnownFileType = net.daringfireball.markdown; path = README.md; sourceTree = "<group>"; };
		39E87F322ACDB7DB00E2A648 /* Landmarks.app */ = {isa = PBXFileReference; explicitFileType = wrapper.application; includeInIndex = 0; path = Landmarks.app; sourceTree = BUILT_PRODUCTS_DIR; };
		39E87F352ACDB7DB00E2A648 /* LandmarksApp.swift */ = {isa = PBXFileReference; lastKnownFileType = sourcecode.swift; path = LandmarksApp.swift; sourceTree = "<group>"; };
		39E87F372ACDB7DB00E2A648 /* ContentView.swift */ = {isa = PBXFileReference; lastKnownFileType = sourcecode.swift; path = ContentView.swift; sourceTree = "<group>"; };
		39E87F392ACDB7DC00E2A648 /* Assets.xcassets */ = {isa = PBXFileReference; lastKnownFileType = folder.assetcatalog; path = Assets.xcassets; sourceTree = "<group>"; };
		39E87F3C2ACDB7DC00E2A648 /* Preview Assets.xcassets */ = {isa = PBXFileReference; lastKnownFileType = folder.assetcatalog; path = "Preview Assets.xcassets"; sourceTree = "<group>"; };
		39E87F422ACDB7DD00E2A648 /* LandmarksTests.xctest */ = {isa = PBXFileReference; explicitFileType = wrapper.cfbundle; includeInIndex = 0; path = LandmarksTests.xctest; sourceTree = BUILT_PRODUCTS_DIR; };
		39E87F462ACDB7DD00E2A648 /* LandmarksTests.swift */ = {isa = PBXFileReference; lastKnownFileType = sourcecode.swift; path = LandmarksTests.swift; sourceTree = "<group>"; };
		39E87F4C2ACDB7DD00E2A648 /* LandmarksUITests.xctest */ = {isa = PBXFileReference; explicitFileType = wrapper.cfbundle; includeInIndex = 0; path = LandmarksUITests.xctest; sourceTree = BUILT_PRODUCTS_DIR; };
		39E87F502ACDB7DD00E2A648 /* LandmarksUITests.swift */ = {isa = PBXFileReference; lastKnownFileType = sourcecode.swift; path = LandmarksUITests.swift; sourceTree = "<group>"; };
		39E87F522ACDB7DD00E2A648 /* LandmarksUITestsLaunchTests.swift */ = {isa = PBXFileReference; lastKnownFileType = sourcecode.swift; path = LandmarksUITestsLaunchTests.swift; sourceTree = "<group>"; };
/* End PBXFileReference section */

/* Begin PBXFrameworksBuildPhase section */
		391E13312AD2FABE0045826B /* Frameworks */ = {
			isa = PBXFrameworksBuildPhase;
			buildActionMask = 2147483647;
			files = (
			);
			runOnlyForDeploymentPostprocessing = 0;
		};
		39E87F2F2ACDB7DB00E2A648 /* Frameworks */ = {
			isa = PBXFrameworksBuildPhase;
			buildActionMask = 2147483647;
			files = (
			);
			runOnlyForDeploymentPostprocessing = 0;
		};
		39E87F3F2ACDB7DD00E2A648 /* Frameworks */ = {
			isa = PBXFrameworksBuildPhase;
			buildActionMask = 2147483647;
			files = (
			);
			runOnlyForDeploymentPostprocessing = 0;
		};
		39E87F492ACDB7DD00E2A648 /* Frameworks */ = {
			isa = PBXFrameworksBuildPhase;
			buildActionMask = 2147483647;
			files = (
			);
			runOnlyForDeploymentPostprocessing = 0;
		};
/* End PBXFrameworksBuildPhase section */

/* Begin PBXGroup section */
		391E13352AD2FABE0045826B /* MacLandmarks */ = {
			isa = PBXGroup;
			children = (
				391E13382AD2FABE0045826B /* ContentView.swift */,
				391E13502AD2FCE30045826B /* LandmarkDetail.swift */,
				391E13B62AD3130C0045826B /* LandmarkCommands.swift */,
				391E133A2AD2FAC00045826B /* Assets.xcassets */,
				391E133F2AD2FAC00045826B /* MacLandmarks.entitlements */,
				391E133C2AD2FAC00045826B /* Preview Content */,
			);
			path = MacLandmarks;
			sourceTree = "<group>";
		};
		391E133C2AD2FAC00045826B /* Preview Content */ = {
			isa = PBXGroup;
			children = (
				391E133D2AD2FAC00045826B /* Preview Assets.xcassets */,
			);
			path = "Preview Content";
			sourceTree = "<group>";
		};
		3985AB782ACF487000F7BA60 /* Categories */ = {
			isa = PBXGroup;
			children = (
				3985AB762ACF46AF00F7BA60 /* CategoryHome.swift */,
				3985AB792ACF48AC00F7BA60 /* CategoryRow.swift */,
				3985AB7B2ACF492100F7BA60 /* CategoryItem.swift */,
			);
			path = Categories;
			sourceTree = "<group>";
		};
		3985AB7F2ACF4C0A00F7BA60 /* Profiles */ = {
			isa = PBXGroup;
			children = (
				3985AB802ACF4C2A00F7BA60 /* ProfileHost.swift */,
				3985AB822ACF4C5A00F7BA60 /* ProfileSummary.swift */,
				3985AB862ACF4F1E00F7BA60 /* ProfileEditor.swift */,
			);
			path = Profiles;
			sourceTree = "<group>";
		};
		39ACBC862ACE80B10071A9B0 /* Views */ = {
			isa = PBXGroup;
			children = (
				39E87F372ACDB7DB00E2A648 /* ContentView.swift */,
				39D8DA9D2AD019A700E9BD56 /* PageView */,
				3985AB7F2ACF4C0A00F7BA60 /* Profiles */,
				3985AB782ACF487000F7BA60 /* Categories */,
				39ACBCA62ACEC0AB0071A9B0 /* Hikes */,
				39ACBC912ACE9D3E0071A9B0 /* Landmarks */,
			);
			path = Views;
			sourceTree = "<group>";
		};
		39ACBC872ACE80D60071A9B0 /* Model */ = {
			isa = PBXGroup;
			children = (
				39ACBCA22ACEBFF50071A9B0 /* Hike.swift */,
				39ACBC842ACE80400071A9B0 /* ModelData.swift */,
				39ACBC802ACE7E660071A9B0 /* Landmark.swift */,
				3985AB7D2ACF4BEF00F7BA60 /* Profile.swift */,
			);
			path = Model;
			sourceTree = "<group>";
		};
		39ACBC882ACE80FC0071A9B0 /* Resources */ = {
			isa = PBXGroup;
			children = (
				39ACBCA02ACEBFCC0071A9B0 /* hikeData.json */,
				39ACBC822ACE7ED70071A9B0 /* landmarkData.json */,
			);
			path = Resources;
			sourceTree = "<group>";
		};
		39ACBC912ACE9D3E0071A9B0 /* Landmarks */ = {
			isa = PBXGroup;
			children = (
				39ACBC892ACE8A2D0071A9B0 /* LandmarkRow.swift */,
				39ACBC8B2ACE8C520071A9B0 /* LandmarkList.swift */,
				39ACBC8D2ACE8D340071A9B0 /* LandmarkDetail.swift */,
			);
			path = Landmarks;
			sourceTree = "<group>";
		};
		39ACBC922ACE9D490071A9B0 /* Helper */ = {
			isa = PBXGroup;
			children = (
				39E2B4852ACE7506006F6D16 /* MapView.swift */,
				39E2B4832ACE67F1006F6D16 /* CircleImage.swift */,
				39ACBC8F2ACE9C8E0071A9B0 /* FavoriteButton.swift */,
			);
			path = Helper;
			sourceTree = "<group>";
		};
		39ACBC9F2ACEB4230071A9B0 /* Badges */ = {
			isa = PBXGroup;
			children = (
				39ACBC972ACEB1C30071A9B0 /* BadgeSymbol.swift */,
				39ACBC952ACEAD500071A9B0 /* BadgeBackground.swift */,
				39ACBC932ACEABDD0071A9B0 /* HexagonParameters.swift */,
				39ACBC992ACEB2390071A9B0 /* RotatedBadgeSymbol.swift */,
				39ACBC9D2ACEB3A10071A9B0 /* Badge.swift */,
			);
			path = Badges;
			sourceTree = "<group>";
		};
		39ACBCA62ACEC0AB0071A9B0 /* Hikes */ = {
			isa = PBXGroup;
			children = (
				39ACBCA72ACEC0AB0071A9B0 /* GraphCapsule.swift */,
				39ACBCA82ACEC0AB0071A9B0 /* HikeGraph.swift */,
				39ACBCA92ACEC0AB0071A9B0 /* HikeDetail.swift */,
				39ACBCAA2ACEC0AB0071A9B0 /* HikeView.swift */,
				3985AB842ACF4CF200F7BA60 /* HikeBadge.swift */,
			);
			path = Hikes;
			sourceTree = "<group>";
		};
		39D8DA9D2AD019A700E9BD56 /* PageView */ = {
			isa = PBXGroup;
			children = (
				39D8DA9E2AD019D900E9BD56 /* PageViewController.swift */,
				391E13282AD2D3DD0045826B /* FeatureCard.swift */,
				391E132A2AD2F1490045826B /* PageView.swift */,
				391E132C2AD2F3430045826B /* PageControl.swift */,
				391E132E2AD2F5220045826B /* TabView.swift */,
			);
			path = PageView;
			sourceTree = "<group>";
		};
		39E87F292ACDB7DB00E2A648 = {
			isa = PBXGroup;
			children = (
				39E2B4882ACE7B5E006F6D16 /* README.md */,
				39E87F342ACDB7DB00E2A648 /* Landmarks */,
				39E87F452ACDB7DD00E2A648 /* LandmarksTests */,
				39E87F4F2ACDB7DD00E2A648 /* LandmarksUITests */,
				391E13352AD2FABE0045826B /* MacLandmarks */,
				39E87F332ACDB7DB00E2A648 /* Products */,
			);
			sourceTree = "<group>";
		};
		39E87F332ACDB7DB00E2A648 /* Products */ = {
			isa = PBXGroup;
			children = (
				39E87F322ACDB7DB00E2A648 /* Landmarks.app */,
				39E87F422ACDB7DD00E2A648 /* LandmarksTests.xctest */,
				39E87F4C2ACDB7DD00E2A648 /* LandmarksUITests.xctest */,
				391E13342AD2FABE0045826B /* MacLandmarks.app */,
			);
			name = Products;
			sourceTree = "<group>";
		};
		39E87F342ACDB7DB00E2A648 /* Landmarks */ = {
			isa = PBXGroup;
			children = (
				39E87F352ACDB7DB00E2A648 /* LandmarksApp.swift */,
				39ACBC882ACE80FC0071A9B0 /* Resources */,
				39ACBC872ACE80D60071A9B0 /* Model */,
				39ACBC862ACE80B10071A9B0 /* Views */,
				39ACBC922ACE9D490071A9B0 /* Helper */,
				39ACBC9F2ACEB4230071A9B0 /* Badges */,
				39E87F3B2ACDB7DC00E2A648 /* Preview Content */,
				39E87F392ACDB7DC00E2A648 /* Assets.xcassets */,
			);
			path = Landmarks;
			sourceTree = "<group>";
		};
		39E87F3B2ACDB7DC00E2A648 /* Preview Content */ = {
			isa = PBXGroup;
			children = (
				39E87F3C2ACDB7DC00E2A648 /* Preview Assets.xcassets */,
			);
			path = "Preview Content";
			sourceTree = "<group>";
		};
		39E87F452ACDB7DD00E2A648 /* LandmarksTests */ = {
			isa = PBXGroup;
			children = (
				39E87F462ACDB7DD00E2A648 /* LandmarksTests.swift */,
			);
			path = LandmarksTests;
			sourceTree = "<group>";
		};
		39E87F4F2ACDB7DD00E2A648 /* LandmarksUITests */ = {
			isa = PBXGroup;
			children = (
				39E87F502ACDB7DD00E2A648 /* LandmarksUITests.swift */,
				39E87F522ACDB7DD00E2A648 /* LandmarksUITestsLaunchTests.swift */,
			);
			path = LandmarksUITests;
			sourceTree = "<group>";
		};
/* End PBXGroup section */

/* Begin PBXNativeTarget section */
		391E13332AD2FABE0045826B /* MacLandmarks */ = {
			isa = PBXNativeTarget;
			buildConfigurationList = 391E13402AD2FAC00045826B /* Build configuration list for PBXNativeTarget "MacLandmarks" */;
			buildPhases = (
				391E13302AD2FABE0045826B /* Sources */,
				391E13312AD2FABE0045826B /* Frameworks */,
				391E13322AD2FABE0045826B /* Resources */,
			);
			buildRules = (
			);
			dependencies = (
			);
			name = MacLandmarks;
			productName = MacLandmarks;
			productReference = 391E13342AD2FABE0045826B /* MacLandmarks.app */;
			productType = "com.apple.product-type.application";
		};
		39E87F312ACDB7DB00E2A648 /* Landmarks */ = {
			isa = PBXNativeTarget;
			buildConfigurationList = 39E87F562ACDB7DD00E2A648 /* Build configuration list for PBXNativeTarget "Landmarks" */;
			buildPhases = (
				39E87F2E2ACDB7DB00E2A648 /* Sources */,
				39E87F2F2ACDB7DB00E2A648 /* Frameworks */,
				39E87F302ACDB7DB00E2A648 /* Resources */,
				391E138C2AD3070E0045826B /* Embed Watch Content */,
			);
			buildRules = (
			);
			dependencies = (
			);
			name = Landmarks;
			productName = Landmarks;
			productReference = 39E87F322ACDB7DB00E2A648 /* Landmarks.app */;
			productType = "com.apple.product-type.application";
		};
		39E87F412ACDB7DD00E2A648 /* LandmarksTests */ = {
			isa = PBXNativeTarget;
			buildConfigurationList = 39E87F592ACDB7DD00E2A648 /* Build configuration list for PBXNativeTarget "LandmarksTests" */;
			buildPhases = (
				39E87F3E2ACDB7DD00E2A648 /* Sources */,
				39E87F3F2ACDB7DD00E2A648 /* Frameworks */,
				39E87F402ACDB7DD00E2A648 /* Resources */,
			);
			buildRules = (
			);
			dependencies = (
				39E87F442ACDB7DD00E2A648 /* PBXTargetDependency */,
			);
			name = LandmarksTests;
			productName = LandmarksTests;
			productReference = 39E87F422ACDB7DD00E2A648 /* LandmarksTests.xctest */;
			productType = "com.apple.product-type.bundle.unit-test";
		};
		39E87F4B2ACDB7DD00E2A648 /* LandmarksUITests */ = {
			isa = PBXNativeTarget;
			buildConfigurationList = 39E87F5C2ACDB7DD00E2A648 /* Build configuration list for PBXNativeTarget "LandmarksUITests" */;
			buildPhases = (
				39E87F482ACDB7DD00E2A648 /* Sources */,
				39E87F492ACDB7DD00E2A648 /* Frameworks */,
				39E87F4A2ACDB7DD00E2A648 /* Resources */,
			);
			buildRules = (
			);
			dependencies = (
				39E87F4E2ACDB7DD00E2A648 /* PBXTargetDependency */,
			);
			name = LandmarksUITests;
			productName = LandmarksUITests;
			productReference = 39E87F4C2ACDB7DD00E2A648 /* LandmarksUITests.xctest */;
			productType = "com.apple.product-type.bundle.ui-testing";
		};
/* End PBXNativeTarget section */

/* Begin PBXProject section */
		39E87F2A2ACDB7DB00E2A648 /* Project object */ = {
			isa = PBXProject;
			attributes = {
				BuildIndependentTargetsInParallel = 1;
				LastSwiftUpdateCheck = 1500;
				LastUpgradeCheck = 1500;
				TargetAttributes = {
					391E13332AD2FABE0045826B = {
						CreatedOnToolsVersion = 15.0;
					};
					39E87F312ACDB7DB00E2A648 = {
						CreatedOnToolsVersion = 15.0;
					};
					39E87F412ACDB7DD00E2A648 = {
						CreatedOnToolsVersion = 15.0;
						TestTargetID = 39E87F312ACDB7DB00E2A648;
					};
					39E87F4B2ACDB7DD00E2A648 = {
						CreatedOnToolsVersion = 15.0;
						TestTargetID = 39E87F312ACDB7DB00E2A648;
					};
				};
			};
			buildConfigurationList = 39E87F2D2ACDB7DB00E2A648 /* Build configuration list for PBXProject "Landmarks" */;
			compatibilityVersion = "Xcode 14.0";
			developmentRegion = en;
			hasScannedForEncodings = 0;
			knownRegions = (
				en,
				Base,
			);
			mainGroup = 39E87F292ACDB7DB00E2A648;
			productRefGroup = 39E87F332ACDB7DB00E2A648 /* Products */;
			projectDirPath = "";
			projectRoot = "";
			targets = (
				39E87F312ACDB7DB00E2A648 /* Landmarks */,
				39E87F412ACDB7DD00E2A648 /* LandmarksTests */,
				39E87F4B2ACDB7DD00E2A648 /* LandmarksUITests */,
				391E13332AD2FABE0045826B /* MacLandmarks */,
			);
		};
/* End PBXProject section */

/* Begin PBXResourcesBuildPhase section */
		391E13322AD2FABE0045826B /* Resources */ = {
			isa = PBXResourcesBuildPhase;
			buildActionMask = 2147483647;
			files = (
				391E133E2AD2FAC00045826B /* Preview Assets.xcassets in Resources */,
				391E133B2AD2FAC00045826B /* Assets.xcassets in Resources */,
				391E136C2AD2FDEE0045826B /* Assets.xcassets in Resources */,
				391E136A2AD2FDEE0045826B /* landmarkData.json in Resources */,
				391E13712AD2FDEE0045826B /* hikeData.json in Resources */,
			);
			runOnlyForDeploymentPostprocessing = 0;
		};
		39E87F302ACDB7DB00E2A648 /* Resources */ = {
			isa = PBXResourcesBuildPhase;
			buildActionMask = 2147483647;
			files = (
				39ACBCA12ACEBFCC0071A9B0 /* hikeData.json in Resources */,
				39E87F3D2ACDB7DC00E2A648 /* Preview Assets.xcassets in Resources */,
				39E87F3A2ACDB7DC00E2A648 /* Assets.xcassets in Resources */,
				39ACBC832ACE7ED70071A9B0 /* landmarkData.json in Resources */,
			);
			runOnlyForDeploymentPostprocessing = 0;
		};
		39E87F402ACDB7DD00E2A648 /* Resources */ = {
			isa = PBXResourcesBuildPhase;
			buildActionMask = 2147483647;
			files = (
			);
			runOnlyForDeploymentPostprocessing = 0;
		};
		39E87F4A2ACDB7DD00E2A648 /* Resources */ = {
			isa = PBXResourcesBuildPhase;
			buildActionMask = 2147483647;
			files = (
			);
			runOnlyForDeploymentPostprocessing = 0;
		};
/* End PBXResourcesBuildPhase section */

/* Begin PBXSourcesBuildPhase section */
		391E13302AD2FABE0045826B /* Sources */ = {
			isa = PBXSourcesBuildPhase;
			buildActionMask = 2147483647;
			files = (
				391E13702AD2FDEE0045826B /* Landmark.swift in Sources */,
				391E13762AD2FDEE0045826B /* Profile.swift in Sources */,
				391E136E2AD2FDEE0045826B /* Hike.swift in Sources */,
				391E13512AD2FCE30045826B /* LandmarkDetail.swift in Sources */,
				391E13B82AD3130C0045826B /* LandmarkCommands.swift in Sources */,
				391E13722AD2FDEE0045826B /* LandmarkList.swift in Sources */,
				391E136F2AD2FDEE0045826B /* LandmarkRow.swift in Sources */,
				391E136B2AD2FDEE0045826B /* LandmarksApp.swift in Sources */,
				391E13692AD2FDA00045826B /* ContentView.swift in Sources */,
				391E13752AD2FDEE0045826B /* ModelData.swift in Sources */,
				391E13732AD2FDEE0045826B /* MapView.swift in Sources */,
				391E136D2AD2FDEE0045826B /* FavoriteButton.swift in Sources */,
				391E13742AD2FDEE0045826B /* CircleImage.swift in Sources */,
			);
			runOnlyForDeploymentPostprocessing = 0;
		};
		39E87F2E2ACDB7DB00E2A648 /* Sources */ = {
			isa = PBXSourcesBuildPhase;
			buildActionMask = 2147483647;
			files = (
				3985AB7A2ACF48AC00F7BA60 /* CategoryRow.swift in Sources */,
				3985AB7E2ACF4BEF00F7BA60 /* Profile.swift in Sources */,
				39E87F382ACDB7DB00E2A648 /* ContentView.swift in Sources */,
				3985AB772ACF46AF00F7BA60 /* CategoryHome.swift in Sources */,
				391E13292AD2D3DD0045826B /* FeatureCard.swift in Sources */,
				39ACBCAC2ACEC0AB0071A9B0 /* HikeGraph.swift in Sources */,
				39ACBC9E2ACEB3A10071A9B0 /* Badge.swift in Sources */,
				39E2B4862ACE7506006F6D16 /* MapView.swift in Sources */,
				39ACBCAB2ACEC0AB0071A9B0 /* GraphCapsule.swift in Sources */,
				39E87F362ACDB7DB00E2A648 /* LandmarksApp.swift in Sources */,
				391E132D2AD2F3430045826B /* PageControl.swift in Sources */,
				39ACBC902ACE9C8E0071A9B0 /* FavoriteButton.swift in Sources */,
				3985AB7C2ACF492100F7BA60 /* CategoryItem.swift in Sources */,
				39ACBCAD2ACEC0AB0071A9B0 /* HikeDetail.swift in Sources */,
				3985AB832ACF4C5A00F7BA60 /* ProfileSummary.swift in Sources */,
				39ACBC942ACEABDD0071A9B0 /* HexagonParameters.swift in Sources */,
				3985AB812ACF4C2A00F7BA60 /* ProfileHost.swift in Sources */,
				39ACBCA32ACEBFF50071A9B0 /* Hike.swift in Sources */,
				39ACBC9A2ACEB2390071A9B0 /* RotatedBadgeSymbol.swift in Sources */,
				391E13B72AD3130C0045826B /* LandmarkCommands.swift in Sources */,
				391E132B2AD2F1490045826B /* PageView.swift in Sources */,
				39ACBC982ACEB1C30071A9B0 /* BadgeSymbol.swift in Sources */,
				3985AB872ACF4F1E00F7BA60 /* ProfileEditor.swift in Sources */,
				391E132F2AD2F5220045826B /* TabView.swift in Sources */,
				39ACBC8C2ACE8C520071A9B0 /* LandmarkList.swift in Sources */,
				39ACBCAE2ACEC0AB0071A9B0 /* HikeView.swift in Sources */,
				39ACBC8E2ACE8D340071A9B0 /* LandmarkDetail.swift in Sources */,
				39D8DA9F2AD019D900E9BD56 /* PageViewController.swift in Sources */,
				39ACBC962ACEAD500071A9B0 /* BadgeBackground.swift in Sources */,
				3985AB852ACF4CF200F7BA60 /* HikeBadge.swift in Sources */,
				39E2B4842ACE67F1006F6D16 /* CircleImage.swift in Sources */,
				39ACBC812ACE7E660071A9B0 /* Landmark.swift in Sources */,
				39ACBC8A2ACE8A2D0071A9B0 /* LandmarkRow.swift in Sources */,
				39ACBC852ACE80400071A9B0 /* ModelData.swift in Sources */,
			);
			runOnlyForDeploymentPostprocessing = 0;
		};
		39E87F3E2ACDB7DD00E2A648 /* Sources */ = {
			isa = PBXSourcesBuildPhase;
			buildActionMask = 2147483647;
			files = (
				39E87F472ACDB7DD00E2A648 /* LandmarksTests.swift in Sources */,
			);
			runOnlyForDeploymentPostprocessing = 0;
		};
		39E87F482ACDB7DD00E2A648 /* Sources */ = {
			isa = PBXSourcesBuildPhase;
			buildActionMask = 2147483647;
			files = (
				39E87F532ACDB7DD00E2A648 /* LandmarksUITestsLaunchTests.swift in Sources */,
				39E87F512ACDB7DD00E2A648 /* LandmarksUITests.swift in Sources */,
			);
			runOnlyForDeploymentPostprocessing = 0;
		};
/* End PBXSourcesBuildPhase section */

/* Begin PBXTargetDependency section */
		39E87F442ACDB7DD00E2A648 /* PBXTargetDependency */ = {
			isa = PBXTargetDependency;
			target = 39E87F312ACDB7DB00E2A648 /* Landmarks */;
			targetProxy = 39E87F432ACDB7DD00E2A648 /* PBXContainerItemProxy */;
		};
		39E87F4E2ACDB7DD00E2A648 /* PBXTargetDependency */ = {
			isa = PBXTargetDependency;
			target = 39E87F312ACDB7DB00E2A648 /* Landmarks */;
			targetProxy = 39E87F4D2ACDB7DD00E2A648 /* PBXContainerItemProxy */;
		};
/* End PBXTargetDependency section */

/* Begin XCBuildConfiguration section */
		391E13412AD2FAC00045826B /* Debug */ = {
			isa = XCBuildConfiguration;
			buildSettings = {
				ASSETCATALOG_COMPILER_APPICON_NAME = AppIcon;
				ASSETCATALOG_COMPILER_GLOBAL_ACCENT_COLOR_NAME = AccentColor;
				CODE_SIGN_ENTITLEMENTS = MacLandmarks/MacLandmarks.entitlements;
				CODE_SIGN_STYLE = Automatic;
				COMBINE_HIDPI_IMAGES = YES;
				CURRENT_PROJECT_VERSION = 1;
				DEVELOPMENT_ASSET_PATHS = "\"MacLandmarks/Preview Content\"";
				DEVELOPMENT_TEAM = 84F8R9TAQN;
				ENABLE_HARDENED_RUNTIME = YES;
				ENABLE_PREVIEWS = YES;
				GENERATE_INFOPLIST_FILE = YES;
				INFOPLIST_KEY_NSHumanReadableCopyright = "";
				LD_RUNPATH_SEARCH_PATHS = (
					"$(inherited)",
					"@executable_path/../Frameworks",
				);
				MACOSX_DEPLOYMENT_TARGET = 14.0;
				MARKETING_VERSION = 1.0;
				PRODUCT_BUNDLE_IDENTIFIER = com.yiwen.MacLandmarks;
				PRODUCT_NAME = "$(TARGET_NAME)";
				SDKROOT = macosx;
				SWIFT_EMIT_LOC_STRINGS = YES;
				SWIFT_VERSION = 5.0;
			};
			name = Debug;
		};
		391E13422AD2FAC00045826B /* Release */ = {
			isa = XCBuildConfiguration;
			buildSettings = {
				ASSETCATALOG_COMPILER_APPICON_NAME = AppIcon;
				ASSETCATALOG_COMPILER_GLOBAL_ACCENT_COLOR_NAME = AccentColor;
				CODE_SIGN_ENTITLEMENTS = MacLandmarks/MacLandmarks.entitlements;
				CODE_SIGN_STYLE = Automatic;
				COMBINE_HIDPI_IMAGES = YES;
				CURRENT_PROJECT_VERSION = 1;
				DEVELOPMENT_ASSET_PATHS = "\"MacLandmarks/Preview Content\"";
				DEVELOPMENT_TEAM = 84F8R9TAQN;
				ENABLE_HARDENED_RUNTIME = YES;
				ENABLE_PREVIEWS = YES;
				GENERATE_INFOPLIST_FILE = YES;
				INFOPLIST_KEY_NSHumanReadableCopyright = "";
				LD_RUNPATH_SEARCH_PATHS = (
					"$(inherited)",
					"@executable_path/../Frameworks",
				);
				MACOSX_DEPLOYMENT_TARGET = 14.0;
				MARKETING_VERSION = 1.0;
				PRODUCT_BUNDLE_IDENTIFIER = com.yiwen.MacLandmarks;
				PRODUCT_NAME = "$(TARGET_NAME)";
				SDKROOT = macosx;
				SWIFT_EMIT_LOC_STRINGS = YES;
				SWIFT_VERSION = 5.0;
			};
			name = Release;
		};
		39E87F542ACDB7DD00E2A648 /* Debug */ = {
			isa = XCBuildConfiguration;
			buildSettings = {
				ALWAYS_SEARCH_USER_PATHS = NO;
				ASSETCATALOG_COMPILER_GENERATE_SWIFT_ASSET_SYMBOL_EXTENSIONS = YES;
				CLANG_ANALYZER_NONNULL = YES;
				CLANG_ANALYZER_NUMBER_OBJECT_CONVERSION = YES_AGGRESSIVE;
				CLANG_CXX_LANGUAGE_STANDARD = "gnu++20";
				CLANG_ENABLE_MODULES = YES;
				CLANG_ENABLE_OBJC_ARC = YES;
				CLANG_ENABLE_OBJC_WEAK = YES;
				CLANG_WARN_BLOCK_CAPTURE_AUTORELEASING = YES;
				CLANG_WARN_BOOL_CONVERSION = YES;
				CLANG_WARN_COMMA = YES;
				CLANG_WARN_CONSTANT_CONVERSION = YES;
				CLANG_WARN_DEPRECATED_OBJC_IMPLEMENTATIONS = YES;
				CLANG_WARN_DIRECT_OBJC_ISA_USAGE = YES_ERROR;
				CLANG_WARN_DOCUMENTATION_COMMENTS = YES;
				CLANG_WARN_EMPTY_BODY = YES;
				CLANG_WARN_ENUM_CONVERSION = YES;
				CLANG_WARN_INFINITE_RECURSION = YES;
				CLANG_WARN_INT_CONVERSION = YES;
				CLANG_WARN_NON_LITERAL_NULL_CONVERSION = YES;
				CLANG_WARN_OBJC_IMPLICIT_RETAIN_SELF = YES;
				CLANG_WARN_OBJC_LITERAL_CONVERSION = YES;
				CLANG_WARN_OBJC_ROOT_CLASS = YES_ERROR;
				CLANG_WARN_QUOTED_INCLUDE_IN_FRAMEWORK_HEADER = YES;
				CLANG_WARN_RANGE_LOOP_ANALYSIS = YES;
				CLANG_WARN_STRICT_PROTOTYPES = YES;
				CLANG_WARN_SUSPICIOUS_MOVE = YES;
				CLANG_WARN_UNGUARDED_AVAILABILITY = YES_AGGRESSIVE;
				CLANG_WARN_UNREACHABLE_CODE = YES;
				CLANG_WARN__DUPLICATE_METHOD_MATCH = YES;
				COPY_PHASE_STRIP = NO;
				DEBUG_INFORMATION_FORMAT = dwarf;
				ENABLE_STRICT_OBJC_MSGSEND = YES;
				ENABLE_TESTABILITY = YES;
				ENABLE_USER_SCRIPT_SANDBOXING = YES;
				GCC_C_LANGUAGE_STANDARD = gnu17;
				GCC_DYNAMIC_NO_PIC = NO;
				GCC_NO_COMMON_BLOCKS = YES;
				GCC_OPTIMIZATION_LEVEL = 0;
				GCC_PREPROCESSOR_DEFINITIONS = (
					"DEBUG=1",
					"$(inherited)",
				);
				GCC_WARN_64_TO_32_BIT_CONVERSION = YES;
				GCC_WARN_ABOUT_RETURN_TYPE = YES_ERROR;
				GCC_WARN_UNDECLARED_SELECTOR = YES;
				GCC_WARN_UNINITIALIZED_AUTOS = YES_AGGRESSIVE;
				GCC_WARN_UNUSED_FUNCTION = YES;
				GCC_WARN_UNUSED_VARIABLE = YES;
				IPHONEOS_DEPLOYMENT_TARGET = 17.0;
				LOCALIZATION_PREFERS_STRING_CATALOGS = YES;
				MTL_ENABLE_DEBUG_INFO = INCLUDE_SOURCE;
				MTL_FAST_MATH = YES;
				ONLY_ACTIVE_ARCH = YES;
				SDKROOT = iphoneos;
				SWIFT_ACTIVE_COMPILATION_CONDITIONS = "DEBUG $(inherited)";
				SWIFT_OPTIMIZATION_LEVEL = "-Onone";
			};
			name = Debug;
		};
		39E87F552ACDB7DD00E2A648 /* Release */ = {
			isa = XCBuildConfiguration;
			buildSettings = {
				ALWAYS_SEARCH_USER_PATHS = NO;
				ASSETCATALOG_COMPILER_GENERATE_SWIFT_ASSET_SYMBOL_EXTENSIONS = YES;
				CLANG_ANALYZER_NONNULL = YES;
				CLANG_ANALYZER_NUMBER_OBJECT_CONVERSION = YES_AGGRESSIVE;
				CLANG_CXX_LANGUAGE_STANDARD = "gnu++20";
				CLANG_ENABLE_MODULES = YES;
				CLANG_ENABLE_OBJC_ARC = YES;
				CLANG_ENABLE_OBJC_WEAK = YES;
				CLANG_WARN_BLOCK_CAPTURE_AUTORELEASING = YES;
				CLANG_WARN_BOOL_CONVERSION = YES;
				CLANG_WARN_COMMA = YES;
				CLANG_WARN_CONSTANT_CONVERSION = YES;
				CLANG_WARN_DEPRECATED_OBJC_IMPLEMENTATIONS = YES;
				CLANG_WARN_DIRECT_OBJC_ISA_USAGE = YES_ERROR;
				CLANG_WARN_DOCUMENTATION_COMMENTS = YES;
				CLANG_WARN_EMPTY_BODY = YES;
				CLANG_WARN_ENUM_CONVERSION = YES;
				CLANG_WARN_INFINITE_RECURSION = YES;
				CLANG_WARN_INT_CONVERSION = YES;
				CLANG_WARN_NON_LITERAL_NULL_CONVERSION = YES;
				CLANG_WARN_OBJC_IMPLICIT_RETAIN_SELF = YES;
				CLANG_WARN_OBJC_LITERAL_CONVERSION = YES;
				CLANG_WARN_OBJC_ROOT_CLASS = YES_ERROR;
				CLANG_WARN_QUOTED_INCLUDE_IN_FRAMEWORK_HEADER = YES;
				CLANG_WARN_RANGE_LOOP_ANALYSIS = YES;
				CLANG_WARN_STRICT_PROTOTYPES = YES;
				CLANG_WARN_SUSPICIOUS_MOVE = YES;
				CLANG_WARN_UNGUARDED_AVAILABILITY = YES_AGGRESSIVE;
				CLANG_WARN_UNREACHABLE_CODE = YES;
				CLANG_WARN__DUPLICATE_METHOD_MATCH = YES;
				COPY_PHASE_STRIP = NO;
				DEBUG_INFORMATION_FORMAT = "dwarf-with-dsym";
				ENABLE_NS_ASSERTIONS = NO;
				ENABLE_STRICT_OBJC_MSGSEND = YES;
				ENABLE_USER_SCRIPT_SANDBOXING = YES;
				GCC_C_LANGUAGE_STANDARD = gnu17;
				GCC_NO_COMMON_BLOCKS = YES;
				GCC_WARN_64_TO_32_BIT_CONVERSION = YES;
				GCC_WARN_ABOUT_RETURN_TYPE = YES_ERROR;
				GCC_WARN_UNDECLARED_SELECTOR = YES;
				GCC_WARN_UNINITIALIZED_AUTOS = YES_AGGRESSIVE;
				GCC_WARN_UNUSED_FUNCTION = YES;
				GCC_WARN_UNUSED_VARIABLE = YES;
				IPHONEOS_DEPLOYMENT_TARGET = 17.0;
				LOCALIZATION_PREFERS_STRING_CATALOGS = YES;
				MTL_ENABLE_DEBUG_INFO = NO;
				MTL_FAST_MATH = YES;
				SDKROOT = iphoneos;
				SWIFT_COMPILATION_MODE = wholemodule;
				VALIDATE_PRODUCT = YES;
			};
			name = Release;
		};
		39E87F572ACDB7DD00E2A648 /* Debug */ = {
			isa = XCBuildConfiguration;
			buildSettings = {
				ALWAYS_EMBED_SWIFT_STANDARD_LIBRARIES = YES;
				ASSETCATALOG_COMPILER_APPICON_NAME = AppIcon;
				ASSETCATALOG_COMPILER_GLOBAL_ACCENT_COLOR_NAME = AccentColor;
				CODE_SIGN_STYLE = Automatic;
				CURRENT_PROJECT_VERSION = 1;
				DEVELOPMENT_ASSET_PATHS = "\"Landmarks/Preview Content\"";
				DEVELOPMENT_TEAM = 84F8R9TAQN;
				ENABLE_PREVIEWS = YES;
				GENERATE_INFOPLIST_FILE = YES;
				INFOPLIST_KEY_UIApplicationSceneManifest_Generation = YES;
				INFOPLIST_KEY_UIApplicationSupportsIndirectInputEvents = YES;
				INFOPLIST_KEY_UILaunchScreen_Generation = YES;
				INFOPLIST_KEY_UISupportedInterfaceOrientations_iPad = "UIInterfaceOrientationPortrait UIInterfaceOrientationPortraitUpsideDown UIInterfaceOrientationLandscapeLeft UIInterfaceOrientationLandscapeRight";
				INFOPLIST_KEY_UISupportedInterfaceOrientations_iPhone = "UIInterfaceOrientationPortrait UIInterfaceOrientationLandscapeLeft UIInterfaceOrientationLandscapeRight";
				LD_RUNPATH_SEARCH_PATHS = (
					"$(inherited)",
					"@executable_path/Frameworks",
				);
				MARKETING_VERSION = 1.0;
				PRODUCT_BUNDLE_IDENTIFIER = com.yiwen.Landmarks;
				PRODUCT_NAME = "$(TARGET_NAME)";
				SWIFT_EMIT_LOC_STRINGS = YES;
				SWIFT_VERSION = 5.0;
				TARGETED_DEVICE_FAMILY = "1,2";
			};
			name = Debug;
		};
		39E87F582ACDB7DD00E2A648 /* Release */ = {
			isa = XCBuildConfiguration;
			buildSettings = {
				ALWAYS_EMBED_SWIFT_STANDARD_LIBRARIES = YES;
				ASSETCATALOG_COMPILER_APPICON_NAME = AppIcon;
				ASSETCATALOG_COMPILER_GLOBAL_ACCENT_COLOR_NAME = AccentColor;
				CODE_SIGN_STYLE = Automatic;
				CURRENT_PROJECT_VERSION = 1;
				DEVELOPMENT_ASSET_PATHS = "\"Landmarks/Preview Content\"";
				DEVELOPMENT_TEAM = 84F8R9TAQN;
				ENABLE_PREVIEWS = YES;
				GENERATE_INFOPLIST_FILE = YES;
				INFOPLIST_KEY_UIApplicationSceneManifest_Generation = YES;
				INFOPLIST_KEY_UIApplicationSupportsIndirectInputEvents = YES;
				INFOPLIST_KEY_UILaunchScreen_Generation = YES;
				INFOPLIST_KEY_UISupportedInterfaceOrientations_iPad = "UIInterfaceOrientationPortrait UIInterfaceOrientationPortraitUpsideDown UIInterfaceOrientationLandscapeLeft UIInterfaceOrientationLandscapeRight";
				INFOPLIST_KEY_UISupportedInterfaceOrientations_iPhone = "UIInterfaceOrientationPortrait UIInterfaceOrientationLandscapeLeft UIInterfaceOrientationLandscapeRight";
				LD_RUNPATH_SEARCH_PATHS = (
					"$(inherited)",
					"@executable_path/Frameworks",
				);
				MARKETING_VERSION = 1.0;
				PRODUCT_BUNDLE_IDENTIFIER = com.yiwen.Landmarks;
				PRODUCT_NAME = "$(TARGET_NAME)";
				SWIFT_EMIT_LOC_STRINGS = YES;
				SWIFT_VERSION = 5.0;
				TARGETED_DEVICE_FAMILY = "1,2";
			};
			name = Release;
		};
		39E87F5A2ACDB7DD00E2A648 /* Debug */ = {
			isa = XCBuildConfiguration;
			buildSettings = {
				ALWAYS_EMBED_SWIFT_STANDARD_LIBRARIES = YES;
				BUNDLE_LOADER = "$(TEST_HOST)";
				CODE_SIGN_STYLE = Automatic;
				CURRENT_PROJECT_VERSION = 1;
				DEVELOPMENT_TEAM = 84F8R9TAQN;
				GENERATE_INFOPLIST_FILE = YES;
				IPHONEOS_DEPLOYMENT_TARGET = 17.0;
				MARKETING_VERSION = 1.0;
				PRODUCT_BUNDLE_IDENTIFIER = com.yiwen.LandmarksTests;
				PRODUCT_NAME = "$(TARGET_NAME)";
				SWIFT_EMIT_LOC_STRINGS = NO;
				SWIFT_VERSION = 5.0;
				TARGETED_DEVICE_FAMILY = "1,2";
				TEST_HOST = "$(BUILT_PRODUCTS_DIR)/Landmarks.app/$(BUNDLE_EXECUTABLE_FOLDER_PATH)/Landmarks";
			};
			name = Debug;
		};
		39E87F5B2ACDB7DD00E2A648 /* Release */ = {
			isa = XCBuildConfiguration;
			buildSettings = {
				ALWAYS_EMBED_SWIFT_STANDARD_LIBRARIES = YES;
				BUNDLE_LOADER = "$(TEST_HOST)";
				CODE_SIGN_STYLE = Automatic;
				CURRENT_PROJECT_VERSION = 1;
				DEVELOPMENT_TEAM = 84F8R9TAQN;
				GENERATE_INFOPLIST_FILE = YES;
				IPHONEOS_DEPLOYMENT_TARGET = 17.0;
				MARKETING_VERSION = 1.0;
				PRODUCT_BUNDLE_IDENTIFIER = com.yiwen.LandmarksTests;
				PRODUCT_NAME = "$(TARGET_NAME)";
				SWIFT_EMIT_LOC_STRINGS = NO;
				SWIFT_VERSION = 5.0;
				TARGETED_DEVICE_FAMILY = "1,2";
				TEST_HOST = "$(BUILT_PRODUCTS_DIR)/Landmarks.app/$(BUNDLE_EXECUTABLE_FOLDER_PATH)/Landmarks";
			};
			name = Release;
		};
		39E87F5D2ACDB7DD00E2A648 /* Debug */ = {
			isa = XCBuildConfiguration;
			buildSettings = {
				ALWAYS_EMBED_SWIFT_STANDARD_LIBRARIES = YES;
				CODE_SIGN_STYLE = Automatic;
				CURRENT_PROJECT_VERSION = 1;
				DEVELOPMENT_TEAM = 84F8R9TAQN;
				GENERATE_INFOPLIST_FILE = YES;
				MARKETING_VERSION = 1.0;
				PRODUCT_BUNDLE_IDENTIFIER = com.yiwen.LandmarksUITests;
				PRODUCT_NAME = "$(TARGET_NAME)";
				SWIFT_EMIT_LOC_STRINGS = NO;
				SWIFT_VERSION = 5.0;
				TARGETED_DEVICE_FAMILY = "1,2";
				TEST_TARGET_NAME = Landmarks;
			};
			name = Debug;
		};
		39E87F5E2ACDB7DD00E2A648 /* Release */ = {
			isa = XCBuildConfiguration;
			buildSettings = {
				ALWAYS_EMBED_SWIFT_STANDARD_LIBRARIES = YES;
				CODE_SIGN_STYLE = Automatic;
				CURRENT_PROJECT_VERSION = 1;
				DEVELOPMENT_TEAM = 84F8R9TAQN;
				GENERATE_INFOPLIST_FILE = YES;
				MARKETING_VERSION = 1.0;
				PRODUCT_BUNDLE_IDENTIFIER = com.yiwen.LandmarksUITests;
				PRODUCT_NAME = "$(TARGET_NAME)";
				SWIFT_EMIT_LOC_STRINGS = NO;
				SWIFT_VERSION = 5.0;
				TARGETED_DEVICE_FAMILY = "1,2";
				TEST_TARGET_NAME = Landmarks;
			};
			name = Release;
		};
/* End XCBuildConfiguration section */

/* Begin XCConfigurationList section */
		391E13402AD2FAC00045826B /* Build configuration list for PBXNativeTarget "MacLandmarks" */ = {
			isa = XCConfigurationList;
			buildConfigurations = (
				391E13412AD2FAC00045826B /* Debug */,
				391E13422AD2FAC00045826B /* Release */,
			);
			defaultConfigurationIsVisible = 0;
			defaultConfigurationName = Release;
		};
		39E87F2D2ACDB7DB00E2A648 /* Build configuration list for PBXProject "Landmarks" */ = {
			isa = XCConfigurationList;
			buildConfigurations = (
				39E87F542ACDB7DD00E2A648 /* Debug */,
				39E87F552ACDB7DD00E2A648 /* Release */,
			);
			defaultConfigurationIsVisible = 0;
			defaultConfigurationName = Release;
		};
		39E87F562ACDB7DD00E2A648 /* Build configuration list for PBXNativeTarget "Landmarks" */ = {
			isa = XCConfigurationList;
			buildConfigurations = (
				39E87F572ACDB7DD00E2A648 /* Debug */,
				39E87F582ACDB7DD00E2A648 /* Release */,
			);
			defaultConfigurationIsVisible = 0;
			defaultConfigurationName = Release;
		};
		39E87F592ACDB7DD00E2A648 /* Build configuration list for PBXNativeTarget "LandmarksTests" */ = {
			isa = XCConfigurationList;
			buildConfigurations = (
				39E87F5A2ACDB7DD00E2A648 /* Debug */,
				39E87F5B2ACDB7DD00E2A648 /* Release */,
			);
			defaultConfigurationIsVisible = 0;
			defaultConfigurationName = Release;
		};
		39E87F5C2ACDB7DD00E2A648 /* Build configuration list for PBXNativeTarget "LandmarksUITests" */ = {
			isa = XCConfigurationList;
			buildConfigurations = (
				39E87F5D2ACDB7DD00E2A648 /* Debug */,
				39E87F5E2ACDB7DD00E2A648 /* Release */,
			);
			defaultConfigurationIsVisible = 0;
			defaultConfigurationName = Release;
		};
/* End XCConfigurationList section */
	};
	rootObject = 39E87F2A2ACDB7DB00E2A648 /* Project object */;
}
